
Microsoft Visual Studio Solution File, Format Version 12.00
# Visual Studio Version 17
VisualStudioVersion = 17.12.35521.163
MinimumVisualStudioVersion = 10.0.40219.1
Project("{2150E333-8FDC-42A3-9474-1A3956D46DE8}") = "src", "src", "{4EB4E682-A569-4A19-A4F7-15EE23DC2B66}"
EndProject
Project("{2150E333-8FDC-42A3-9474-1A3956D46DE8}") = "tests", "tests", "{BAEC2E48-AF94-4819-9D8B-D37C534E1C09}"
EndProject
Project("{FAE04EC0-301F-11D3-BF4B-00C04F79EFBC}") = "TaskManagerTests", "TaskManagerTests\TaskManagerTests.csproj", "{DF703ADC-7C37-4FE6-A444-B08CFAC38121}"
EndProject
Project("{FAE04EC0-301F-11D3-BF4B-00C04F79EFBC}") = "TaskManager.Core", "TaskManager.CORE\TaskManager.Core.csproj", "{C39139DF-187F-41FB-BF8D-1BE33A330C7E}"
EndProject
Project("{FAE04EC0-301F-11D3-BF4B-00C04F79EFBC}") = "TaskManager.Infrastructure", "TaskManager.INFRASTRUCTURE\TaskManager.Infrastructure.csproj", "{51676A9B-D3AE-4C67-B303-9A8FD7362BC4}"
EndProject
Project("{FAE04EC0-301F-11D3-BF4B-00C04F79EFBC}") = "TaskManager.UI", "TaskManager.UI\TaskManager.UI.csproj", "{43F0E4EC-E972-40FB-818D-89B16BA58661}"
EndProject
Global
	GlobalSection(SolutionConfigurationPlatforms) = preSolution
		Debug|Any CPU = Debug|Any CPU
		Release|Any CPU = Release|Any CPU
	EndGlobalSection
	GlobalSection(ProjectConfigurationPlatforms) = postSolution
		{DF703ADC-7C37-4FE6-A444-B08CFAC38121}.Debug|Any CPU.ActiveCfg = Debug|Any CPU
		{DF703ADC-7C37-4FE6-A444-B08CFAC38121}.Debug|Any CPU.Build.0 = Debug|Any CPU
		{DF703ADC-7C37-4FE6-A444-B08CFAC38121}.Release|Any CPU.ActiveCfg = Release|Any CPU
		{DF703ADC-7C37-4FE6-A444-B08CFAC38121}.Release|Any CPU.Build.0 = Release|Any CPU
		{C39139DF-187F-41FB-BF8D-1BE33A330C7E}.Debug|Any CPU.ActiveCfg = Debug|Any CPU
		{C39139DF-187F-41FB-BF8D-1BE33A330C7E}.Debug|Any CPU.Build.0 = Debug|Any CPU
		{C39139DF-187F-41FB-BF8D-1BE33A330C7E}.Release|Any CPU.ActiveCfg = Release|Any CPU
		{C39139DF-187F-41FB-BF8D-1BE33A330C7E}.Release|Any CPU.Build.0 = Release|Any CPU
		{51676A9B-D3AE-4C67-B303-9A8FD7362BC4}.Debug|Any CPU.ActiveCfg = Debug|Any CPU
		{51676A9B-D3AE-4C67-B303-9A8FD7362BC4}.Debug|Any CPU.Build.0 = Debug|Any CPU
		{51676A9B-D3AE-4C67-B303-9A8FD7362BC4}.Release|Any CPU.ActiveCfg = Release|Any CPU
		{51676A9B-D3AE-4C67-B303-9A8FD7362BC4}.Release|Any CPU.Build.0 = Release|Any CPU
		{43F0E4EC-E972-40FB-818D-89B16BA58661}.Debug|Any CPU.ActiveCfg = Debug|Any CPU
		{43F0E4EC-E972-40FB-818D-89B16BA58661}.Debug|Any CPU.Build.0 = Debug|Any CPU
		{43F0E4EC-E972-40FB-818D-89B16BA58661}.Release|Any CPU.ActiveCfg = Release|Any CPU
		{43F0E4EC-E972-40FB-818D-89B16BA58661}.Release|Any CPU.Build.0 = Release|Any CPU
	EndGlobalSection
	GlobalSection(SolutionProperties) = preSolution
		HideSolutionNode = FALSE
	EndGlobalSection
	GlobalSection(NestedProjects) = preSolution
		{DF703ADC-7C37-4FE6-A444-B08CFAC38121} = {BAEC2E48-AF94-4819-9D8B-D37C534E1C09}
		{C39139DF-187F-41FB-BF8D-1BE33A330C7E} = {4EB4E682-A569-4A19-A4F7-15EE23DC2B66}
		{51676A9B-D3AE-4C67-B303-9A8FD7362BC4} = {4EB4E682-A569-4A19-A4F7-15EE23DC2B66}
		{43F0E4EC-E972-40FB-818D-89B16BA58661} = {4EB4E682-A569-4A19-A4F7-15EE23DC2B66}
	EndGlobalSection
EndGlobal
